
Microsoft Visual Studio Solution File, Format Version 12.00
# Visual Studio 15
VisualStudioVersion = 15.0.27703.2035
MinimumVisualStudioVersion = 10.0.40219.1
Project("{9A19103F-16F7-4668-BE54-9A1E7A4F7556}") = "SkyWalking.Sample.Frontend", "SkyWalking.Sample.Frontend\SkyWalking.Sample.Frontend.csproj", "{3513C376-8E71-46F9-AD35-8AE0AB067185}"
EndProject
Project("{FAE04EC0-301F-11D3-BF4B-00C04F79EFBC}") = "SkyWalking.Sample.Backend", "SkyWalking.Sample.Backend\SkyWalking.Sample.Backend.csproj", "{66A1E94A-D73C-48B1-B95F-08F16B12BB38}"
EndProject
Global
	GlobalSection(SolutionConfigurationPlatforms) = preSolution
		Debug|Any CPU = Debug|Any CPU
		Release|Any CPU = Release|Any CPU
	EndGlobalSection
	GlobalSection(ProjectConfigurationPlatforms) = postSolution
		{3513C376-8E71-46F9-AD35-8AE0AB067185}.Debug|Any CPU.ActiveCfg = Debug|Any CPU
		{3513C376-8E71-46F9-AD35-8AE0AB067185}.Debug|Any CPU.Build.0 = Debug|Any CPU
		{3513C376-8E71-46F9-AD35-8AE0AB067185}.Release|Any CPU.ActiveCfg = Release|Any CPU
		{3513C376-8E71-46F9-AD35-8AE0AB067185}.Release|Any CPU.Build.0 = Release|Any CPU
		{66A1E94A-D73C-48B1-B95F-08F16B12BB38}.Debug|Any CPU.ActiveCfg = Debug|Any CPU
		{66A1E94A-D73C-48B1-B95F-08F16B12BB38}.Debug|Any CPU.Build.0 = Debug|Any CPU
		{66A1E94A-D73C-48B1-B95F-08F16B12BB38}.Release|Any CPU.ActiveCfg = Release|Any CPU
		{66A1E94A-D73C-48B1-B95F-08F16B12BB38}.Release|Any CPU.Build.0 = Release|Any CPU
	EndGlobalSection
	GlobalSection(SolutionProperties) = preSolution
		HideSolutionNode = FALSE
	EndGlobalSection
	GlobalSection(ExtensibilityGlobals) = postSolution
		SolutionGuid = {8681BF36-99E8-4701-A105-83F7279CC28F}
	EndGlobalSection
EndGlobal
